
Microsoft Visual Studio Solution File, Format Version 12.00
# Visual Studio 2013
VisualStudioVersion = 12.0.30723.0
MinimumVisualStudioVersion = 10.0.40219.1
Project("{FAE04EC0-301F-11D3-BF4B-00C04F79EFBC}") = "RotatingCubeWP8Xaml", "RotatingCubeWP8Xaml\RotatingCubeWP8Xaml\RotatingCubeWP8Xaml.csproj", "{42A03D60-76BB-4916-895A-12050EDCCFF0}"
EndProject
Project("{8BC9CEB8-8B4A-11D0-8D11-00A0C91BC942}") = "RotatingCubeWP8XamlComponent", "RotatingCubeWP8Xaml\RotatingCubeWP8XamlComponent\RotatingCubeWP8XamlComponent.vcxproj", "{EE4DF69D-B60C-4993-8CA7-01E866AB4813}"
EndProject
Project("{8BC9CEB8-8B4A-11D0-8D11-00A0C91BC942}") = "libEGL_phone", "..\..\..\projects\src\libEGL_phone.vcxproj", "{99F6D439-246D-4F66-8B40-32C58A085A11}"
EndProject
Project("{8BC9CEB8-8B4A-11D0-8D11-00A0C91BC942}") = "libGLESv2_phone", "..\..\..\projects\src\libGLESv2_phone.vcxproj", "{36F00D45-106C-47B4-AF55-986D7E6EF0DC}"
EndProject
Project("{8BC9CEB8-8B4A-11D0-8D11-00A0C91BC942}") = "preprocessor_phone", "..\..\..\projects\src\preprocessor_phone.vcxproj", "{8EB1C9C0-E4E1-4E10-90BC-CE9080140EE4}"
EndProject
Project("{8BC9CEB8-8B4A-11D0-8D11-00A0C91BC942}") = "translator_phone", "..\..\..\projects\src\translator_phone.vcxproj", "{7EA3BB58-641B-48E0-9A94-636B0FA0E6FA}"
EndProject
Project("{8BC9CEB8-8B4A-11D0-8D11-00A0C91BC942}") = "translator_static_phone", "..\..\..\projects\src\translator_static_phone.vcxproj", "{097378C9-616B-4F0C-A84A-F8A52A1A2029}"
EndProject
Project("{8BC9CEB8-8B4A-11D0-8D11-00A0C91BC942}") = "translator_lib_phone", "..\..\..\projects\src\translator_lib_phone.vcxproj", "{32EC0160-24D1-4612-B473-662A77A680AF}"
EndProject
Global
	GlobalSection(SolutionConfigurationPlatforms) = preSolution
		Debug|Any CPU = Debug|Any CPU
		Debug|ARM = Debug|ARM
		Debug|Mixed Platforms = Debug|Mixed Platforms
		Debug|Win32 = Debug|Win32
		Debug|x86 = Debug|x86
		Release|Any CPU = Release|Any CPU
		Release|ARM = Release|ARM
		Release|Mixed Platforms = Release|Mixed Platforms
		Release|Win32 = Release|Win32
		Release|x86 = Release|x86
	EndGlobalSection
	GlobalSection(ProjectConfigurationPlatforms) = postSolution
		{42A03D60-76BB-4916-895A-12050EDCCFF0}.Debug|Any CPU.ActiveCfg = Debug|Any CPU
		{42A03D60-76BB-4916-895A-12050EDCCFF0}.Debug|Any CPU.Build.0 = Debug|Any CPU
		{42A03D60-76BB-4916-895A-12050EDCCFF0}.Debug|Any CPU.Deploy.0 = Debug|Any CPU
		{42A03D60-76BB-4916-895A-12050EDCCFF0}.Debug|ARM.ActiveCfg = Debug|ARM
		{42A03D60-76BB-4916-895A-12050EDCCFF0}.Debug|ARM.Build.0 = Debug|ARM
		{42A03D60-76BB-4916-895A-12050EDCCFF0}.Debug|ARM.Deploy.0 = Debug|ARM
		{42A03D60-76BB-4916-895A-12050EDCCFF0}.Debug|Mixed Platforms.ActiveCfg = Debug|x86
		{42A03D60-76BB-4916-895A-12050EDCCFF0}.Debug|Mixed Platforms.Build.0 = Debug|x86
		{42A03D60-76BB-4916-895A-12050EDCCFF0}.Debug|Mixed Platforms.Deploy.0 = Debug|x86
		{42A03D60-76BB-4916-895A-12050EDCCFF0}.Debug|Win32.ActiveCfg = Debug|x86
		{42A03D60-76BB-4916-895A-12050EDCCFF0}.Debug|Win32.Build.0 = Debug|x86
		{42A03D60-76BB-4916-895A-12050EDCCFF0}.Debug|Win32.Deploy.0 = Debug|x86
		{42A03D60-76BB-4916-895A-12050EDCCFF0}.Debug|x86.ActiveCfg = Debug|x86
		{42A03D60-76BB-4916-895A-12050EDCCFF0}.Debug|x86.Build.0 = Debug|x86
		{42A03D60-76BB-4916-895A-12050EDCCFF0}.Debug|x86.Deploy.0 = Debug|x86
		{42A03D60-76BB-4916-895A-12050EDCCFF0}.Release|Any CPU.ActiveCfg = Release|Any CPU
		{42A03D60-76BB-4916-895A-12050EDCCFF0}.Release|Any CPU.Build.0 = Release|Any CPU
		{42A03D60-76BB-4916-895A-12050EDCCFF0}.Release|Any CPU.Deploy.0 = Release|Any CPU
		{42A03D60-76BB-4916-895A-12050EDCCFF0}.Release|ARM.ActiveCfg = Release|ARM
		{42A03D60-76BB-4916-895A-12050EDCCFF0}.Release|ARM.Build.0 = Release|ARM
		{42A03D60-76BB-4916-895A-12050EDCCFF0}.Release|ARM.Deploy.0 = Release|ARM
		{42A03D60-76BB-4916-895A-12050EDCCFF0}.Release|Mixed Platforms.ActiveCfg = Release|x86
		{42A03D60-76BB-4916-895A-12050EDCCFF0}.Release|Mixed Platforms.Build.0 = Release|x86
		{42A03D60-76BB-4916-895A-12050EDCCFF0}.Release|Mixed Platforms.Deploy.0 = Release|x86
		{42A03D60-76BB-4916-895A-12050EDCCFF0}.Release|Win32.ActiveCfg = Release|x86
		{42A03D60-76BB-4916-895A-12050EDCCFF0}.Release|Win32.Build.0 = Release|x86
		{42A03D60-76BB-4916-895A-12050EDCCFF0}.Release|Win32.Deploy.0 = Release|x86
		{42A03D60-76BB-4916-895A-12050EDCCFF0}.Release|x86.ActiveCfg = Release|x86
		{42A03D60-76BB-4916-895A-12050EDCCFF0}.Release|x86.Build.0 = Release|x86
		{42A03D60-76BB-4916-895A-12050EDCCFF0}.Release|x86.Deploy.0 = Release|x86
		{EE4DF69D-B60C-4993-8CA7-01E866AB4813}.Debug|Any CPU.ActiveCfg = Debug|Win32
		{EE4DF69D-B60C-4993-8CA7-01E866AB4813}.Debug|ARM.ActiveCfg = Debug|ARM
		{EE4DF69D-B60C-4993-8CA7-01E866AB4813}.Debug|ARM.Build.0 = Debug|ARM
		{EE4DF69D-B60C-4993-8CA7-01E866AB4813}.Debug|Mixed Platforms.ActiveCfg = Debug|Win32
		{EE4DF69D-B60C-4993-8CA7-01E866AB4813}.Debug|Mixed Platforms.Build.0 = Debug|Win32
		{EE4DF69D-B60C-4993-8CA7-01E866AB4813}.Debug|Win32.ActiveCfg = Debug|Win32
		{EE4DF69D-B60C-4993-8CA7-01E866AB4813}.Debug|Win32.Build.0 = Debug|Win32
		{EE4DF69D-B60C-4993-8CA7-01E866AB4813}.Debug|x86.ActiveCfg = Debug|Win32
		{EE4DF69D-B60C-4993-8CA7-01E866AB4813}.Debug|x86.Build.0 = Debug|Win32
		{EE4DF69D-B60C-4993-8CA7-01E866AB4813}.Release|Any CPU.ActiveCfg = Release|Win32
		{EE4DF69D-B60C-4993-8CA7-01E866AB4813}.Release|ARM.ActiveCfg = Release|ARM
		{EE4DF69D-B60C-4993-8CA7-01E866AB4813}.Release|ARM.Build.0 = Release|ARM
		{EE4DF69D-B60C-4993-8CA7-01E866AB4813}.Release|Mixed Platforms.ActiveCfg = Release|Win32
		{EE4DF69D-B60C-4993-8CA7-01E866AB4813}.Release|Mixed Platforms.Build.0 = Release|Win32
		{EE4DF69D-B60C-4993-8CA7-01E866AB4813}.Release|Win32.ActiveCfg = Release|Win32
		{EE4DF69D-B60C-4993-8CA7-01E866AB4813}.Release|Win32.Build.0 = Release|Win32
		{EE4DF69D-B60C-4993-8CA7-01E866AB4813}.Release|x86.ActiveCfg = Release|Win32
		{EE4DF69D-B60C-4993-8CA7-01E866AB4813}.Release|x86.Build.0 = Release|Win32
		{99F6D439-246D-4F66-8B40-32C58A085A11}.Debug|Any CPU.ActiveCfg = Debug|Win32
		{99F6D439-246D-4F66-8B40-32C58A085A11}.Debug|ARM.ActiveCfg = Debug|ARM
		{99F6D439-246D-4F66-8B40-32C58A085A11}.Debug|ARM.Build.0 = Debug|ARM
		{99F6D439-246D-4F66-8B40-32C58A085A11}.Debug|Mixed Platforms.ActiveCfg = Debug|Win32
		{99F6D439-246D-4F66-8B40-32C58A085A11}.Debug|Mixed Platforms.Build.0 = Debug|Win32
		{99F6D439-246D-4F66-8B40-32C58A085A11}.Debug|Win32.ActiveCfg = Debug|Win32
		{99F6D439-246D-4F66-8B40-32C58A085A11}.Debug|Win32.Build.0 = Debug|Win32
		{99F6D439-246D-4F66-8B40-32C58A085A11}.Debug|x86.ActiveCfg = Debug|Win32
		{99F6D439-246D-4F66-8B40-32C58A085A11}.Debug|x86.Build.0 = Debug|Win32
		{99F6D439-246D-4F66-8B40-32C58A085A11}.Release|Any CPU.ActiveCfg = Release|Win32
		{99F6D439-246D-4F66-8B40-32C58A085A11}.Release|ARM.ActiveCfg = Release|ARM
		{99F6D439-246D-4F66-8B40-32C58A085A11}.Release|ARM.Build.0 = Release|ARM
		{99F6D439-246D-4F66-8B40-32C58A085A11}.Release|Mixed Platforms.ActiveCfg = Release|Win32
		{99F6D439-246D-4F66-8B40-32C58A085A11}.Release|Mixed Platforms.Build.0 = Release|Win32
		{99F6D439-246D-4F66-8B40-32C58A085A11}.Release|Win32.ActiveCfg = Release|Win32
		{99F6D439-246D-4F66-8B40-32C58A085A11}.Release|Win32.Build.0 = Release|Win32
		{99F6D439-246D-4F66-8B40-32C58A085A11}.Release|x86.ActiveCfg = Release|Win32
		{99F6D439-246D-4F66-8B40-32C58A085A11}.Release|x86.Build.0 = Release|Win32
		{36F00D45-106C-47B4-AF55-986D7E6EF0DC}.Debug|Any CPU.ActiveCfg = Debug|Win32
		{36F00D45-106C-47B4-AF55-986D7E6EF0DC}.Debug|ARM.ActiveCfg = Debug|ARM
		{36F00D45-106C-47B4-AF55-986D7E6EF0DC}.Debug|ARM.Build.0 = Debug|ARM
		{36F00D45-106C-47B4-AF55-986D7E6EF0DC}.Debug|Mixed Platforms.ActiveCfg = Debug|Win32
		{36F00D45-106C-47B4-AF55-986D7E6EF0DC}.Debug|Mixed Platforms.Build.0 = Debug|Win32
		{36F00D45-106C-47B4-AF55-986D7E6EF0DC}.Debug|Win32.ActiveCfg = Debug|Win32
		{36F00D45-106C-47B4-AF55-986D7E6EF0DC}.Debug|Win32.Build.0 = Debug|Win32
		{36F00D45-106C-47B4-AF55-986D7E6EF0DC}.Debug|x86.ActiveCfg = Debug|Win32
		{36F00D45-106C-47B4-AF55-986D7E6EF0DC}.Debug|x86.Build.0 = Debug|Win32
		{36F00D45-106C-47B4-AF55-986D7E6EF0DC}.Release|Any CPU.ActiveCfg = Release|Win32
		{36F00D45-106C-47B4-AF55-986D7E6EF0DC}.Release|ARM.ActiveCfg = Release|ARM
		{36F00D45-106C-47B4-AF55-986D7E6EF0DC}.Release|ARM.Build.0 = Release|ARM
		{36F00D45-106C-47B4-AF55-986D7E6EF0DC}.Release|Mixed Platforms.ActiveCfg = Release|Win32
		{36F00D45-106C-47B4-AF55-986D7E6EF0DC}.Release|Mixed Platforms.Build.0 = Release|Win32
		{36F00D45-106C-47B4-AF55-986D7E6EF0DC}.Release|Win32.ActiveCfg = Release|Win32
		{36F00D45-106C-47B4-AF55-986D7E6EF0DC}.Release|Win32.Build.0 = Release|Win32
		{36F00D45-106C-47B4-AF55-986D7E6EF0DC}.Release|x86.ActiveCfg = Release|Win32
		{36F00D45-106C-47B4-AF55-986D7E6EF0DC}.Release|x86.Build.0 = Release|Win32
		{8EB1C9C0-E4E1-4E10-90BC-CE9080140EE4}.Debug|Any CPU.ActiveCfg = Debug|Win32
		{8EB1C9C0-E4E1-4E10-90BC-CE9080140EE4}.Debug|ARM.ActiveCfg = Debug|ARM
		{8EB1C9C0-E4E1-4E10-90BC-CE9080140EE4}.Debug|ARM.Build.0 = Debug|ARM
		{8EB1C9C0-E4E1-4E10-90BC-CE9080140EE4}.Debug|Mixed Platforms.ActiveCfg = Debug|Win32
		{8EB1C9C0-E4E1-4E10-90BC-CE9080140EE4}.Debug|Mixed Platforms.Build.0 = Debug|Win32
		{8EB1C9C0-E4E1-4E10-90BC-CE9080140EE4}.Debug|Win32.ActiveCfg = Debug|Win32
		{8EB1C9C0-E4E1-4E10-90BC-CE9080140EE4}.Debug|Win32.Build.0 = Debug|Win32
		{8EB1C9C0-E4E1-4E10-90BC-CE9080140EE4}.Debug|x86.ActiveCfg = Debug|Win32
		{8EB1C9C0-E4E1-4E10-90BC-CE9080140EE4}.Debug|x86.Build.0 = Debug|Win32
		{8EB1C9C0-E4E1-4E10-90BC-CE9080140EE4}.Release|Any CPU.ActiveCfg = Release|Win32
		{8EB1C9C0-E4E1-4E10-90BC-CE9080140EE4}.Release|ARM.ActiveCfg = Release|ARM
		{8EB1C9C0-E4E1-4E10-90BC-CE9080140EE4}.Release|ARM.Build.0 = Release|ARM
		{8EB1C9C0-E4E1-4E10-90BC-CE9080140EE4}.Release|Mixed Platforms.ActiveCfg = Release|Win32
		{8EB1C9C0-E4E1-4E10-90BC-CE9080140EE4}.Release|Mixed Platforms.Build.0 = Release|Win32
		{8EB1C9C0-E4E1-4E10-90BC-CE9080140EE4}.Release|Win32.ActiveCfg = Release|Win32
		{8EB1C9C0-E4E1-4E10-90BC-CE9080140EE4}.Release|Win32.Build.0 = Release|Win32
		{8EB1C9C0-E4E1-4E10-90BC-CE9080140EE4}.Release|x86.ActiveCfg = Release|Win32
		{8EB1C9C0-E4E1-4E10-90BC-CE9080140EE4}.Release|x86.Build.0 = Release|Win32
		{7EA3BB58-641B-48E0-9A94-636B0FA0E6FA}.Debug|Any CPU.ActiveCfg = Debug|Win32
		{7EA3BB58-641B-48E0-9A94-636B0FA0E6FA}.Debug|ARM.ActiveCfg = Debug|ARM
		{7EA3BB58-641B-48E0-9A94-636B0FA0E6FA}.Debug|ARM.Build.0 = Debug|ARM
		{7EA3BB58-641B-48E0-9A94-636B0FA0E6FA}.Debug|Mixed Platforms.ActiveCfg = Debug|Win32
		{7EA3BB58-641B-48E0-9A94-636B0FA0E6FA}.Debug|Mixed Platforms.Build.0 = Debug|Win32
		{7EA3BB58-641B-48E0-9A94-636B0FA0E6FA}.Debug|Win32.ActiveCfg = Debug|Win32
		{7EA3BB58-641B-48E0-9A94-636B0FA0E6FA}.Debug|Win32.Build.0 = Debug|Win32
		{7EA3BB58-641B-48E0-9A94-636B0FA0E6FA}.Debug|x86.ActiveCfg = Debug|Win32
		{7EA3BB58-641B-48E0-9A94-636B0FA0E6FA}.Debug|x86.Build.0 = Debug|Win32
		{7EA3BB58-641B-48E0-9A94-636B0FA0E6FA}.Release|Any CPU.ActiveCfg = Release|Win32
		{7EA3BB58-641B-48E0-9A94-636B0FA0E6FA}.Release|ARM.ActiveCfg = Release|ARM
		{7EA3BB58-641B-48E0-9A94-636B0FA0E6FA}.Release|ARM.Build.0 = Release|ARM
		{7EA3BB58-641B-48E0-9A94-636B0FA0E6FA}.Release|Mixed Platforms.ActiveCfg = Release|Win32
		{7EA3BB58-641B-48E0-9A94-636B0FA0E6FA}.Release|Mixed Platforms.Build.0 = Release|Win32
		{7EA3BB58-641B-48E0-9A94-636B0FA0E6FA}.Release|Win32.ActiveCfg = Release|Win32
		{7EA3BB58-641B-48E0-9A94-636B0FA0E6FA}.Release|Win32.Build.0 = Release|Win32
		{7EA3BB58-641B-48E0-9A94-636B0FA0E6FA}.Release|x86.ActiveCfg = Release|Win32
		{7EA3BB58-641B-48E0-9A94-636B0FA0E6FA}.Release|x86.Build.0 = Release|Win32
		{097378C9-616B-4F0C-A84A-F8A52A1A2029}.Debug|Any CPU.ActiveCfg = Debug|Win32
		{097378C9-616B-4F0C-A84A-F8A52A1A2029}.Debug|ARM.ActiveCfg = Debug|ARM
		{097378C9-616B-4F0C-A84A-F8A52A1A2029}.Debug|ARM.Build.0 = Debug|ARM
		{097378C9-616B-4F0C-A84A-F8A52A1A2029}.Debug|Mixed Platforms.ActiveCfg = Debug|Win32
		{097378C9-616B-4F0C-A84A-F8A52A1A2029}.Debug|Mixed Platforms.Build.0 = Debug|Win32
		{097378C9-616B-4F0C-A84A-F8A52A1A2029}.Debug|Win32.ActiveCfg = Debug|Win32
		{097378C9-616B-4F0C-A84A-F8A52A1A2029}.Debug|Win32.Build.0 = Debug|Win32
		{097378C9-616B-4F0C-A84A-F8A52A1A2029}.Debug|x86.ActiveCfg = Debug|Win32
		{097378C9-616B-4F0C-A84A-F8A52A1A2029}.Debug|x86.Build.0 = Debug|Win32
		{097378C9-616B-4F0C-A84A-F8A52A1A2029}.Release|Any CPU.ActiveCfg = Release|Win32
		{097378C9-616B-4F0C-A84A-F8A52A1A2029}.Release|ARM.ActiveCfg = Release|ARM
		{097378C9-616B-4F0C-A84A-F8A52A1A2029}.Release|ARM.Build.0 = Release|ARM
		{097378C9-616B-4F0C-A84A-F8A52A1A2029}.Release|Mixed Platforms.ActiveCfg = Release|Win32
		{097378C9-616B-4F0C-A84A-F8A52A1A2029}.Release|Mixed Platforms.Build.0 = Release|Win32
		{097378C9-616B-4F0C-A84A-F8A52A1A2029}.Release|Win32.ActiveCfg = Release|Win32
		{097378C9-616B-4F0C-A84A-F8A52A1A2029}.Release|Win32.Build.0 = Release|Win32
		{097378C9-616B-4F0C-A84A-F8A52A1A2029}.Release|x86.ActiveCfg = Release|Win32
		{097378C9-616B-4F0C-A84A-F8A52A1A2029}.Release|x86.Build.0 = Release|Win32
		{32EC0160-24D1-4612-B473-662A77A680AF}.Debug|Any CPU.ActiveCfg = Debug|Win32
		{32EC0160-24D1-4612-B473-662A77A680AF}.Debug|ARM.ActiveCfg = Debug|ARM
		{32EC0160-24D1-4612-B473-662A77A680AF}.Debug|ARM.Build.0 = Debug|ARM
		{32EC0160-24D1-4612-B473-662A77A680AF}.Debug|Mixed Platforms.ActiveCfg = Debug|Win32
		{32EC0160-24D1-4612-B473-662A77A680AF}.Debug|Mixed Platforms.Build.0 = Debug|Win32
		{32EC0160-24D1-4612-B473-662A77A680AF}.Debug|Win32.ActiveCfg = Debug|Win32
		{32EC0160-24D1-4612-B473-662A77A680AF}.Debug|Win32.Build.0 = Debug|Win32
		{32EC0160-24D1-4612-B473-662A77A680AF}.Debug|x86.ActiveCfg = Debug|Win32
		{32EC0160-24D1-4612-B473-662A77A680AF}.Debug|x86.Build.0 = Debug|Win32
		{32EC0160-24D1-4612-B473-662A77A680AF}.Release|Any CPU.ActiveCfg = Release|Win32
		{32EC0160-24D1-4612-B473-662A77A680AF}.Release|ARM.ActiveCfg = Release|ARM
		{32EC0160-24D1-4612-B473-662A77A680AF}.Release|ARM.Build.0 = Release|ARM
		{32EC0160-24D1-4612-B473-662A77A680AF}.Release|Mixed Platforms.ActiveCfg = Release|Win32
		{32EC0160-24D1-4612-B473-662A77A680AF}.Release|Mixed Platforms.Build.0 = Release|Win32
		{32EC0160-24D1-4612-B473-662A77A680AF}.Release|Win32.ActiveCfg = Release|Win32
		{32EC0160-24D1-4612-B473-662A77A680AF}.Release|Win32.Build.0 = Release|Win32
		{32EC0160-24D1-4612-B473-662A77A680AF}.Release|x86.ActiveCfg = Release|Win32
		{32EC0160-24D1-4612-B473-662A77A680AF}.Release|x86.Build.0 = Release|Win32
	EndGlobalSection
	GlobalSection(SolutionProperties) = preSolution
		HideSolutionNode = FALSE
	EndGlobalSection
EndGlobal
