
Microsoft Visual Studio Solution File, Format Version 12.00
# Visual Studio 2013
VisualStudioVersion = 12.0.30324.0
MinimumVisualStudioVersion = 10.0.40219.1
Project("{8BC9CEB8-8B4A-11D0-8D11-00A0C91BC942}") = "RotatingCubeWinRT", "RotatingCubeWinRT\RotatingCubeWinRT.vcxproj", "{B04E1298-7EB2-4672-A766-97050CB3FDB8}"
EndProject
Project("{8BC9CEB8-8B4A-11D0-8D11-00A0C91BC942}") = "libEGL_winrt", "..\..\..\projects\src\libEGL_winrt.vcxproj", "{E30D671B-3520-4753-9677-41687BF9E435}"
EndProject
Project("{8BC9CEB8-8B4A-11D0-8D11-00A0C91BC942}") = "libGLESv2_winrt", "..\..\..\projects\src\libGLESv2_winrt.vcxproj", "{06FE7422-1550-4C34-B10E-8398D69DFAF0}"
EndProject
Project("{8BC9CEB8-8B4A-11D0-8D11-00A0C91BC942}") = "preprocessor_winrt", "..\..\..\projects\src\preprocessor_winrt.vcxproj", "{A6216A11-A5E6-4CD4-84F3-2627E0DDA6BC}"
EndProject
Project("{8BC9CEB8-8B4A-11D0-8D11-00A0C91BC942}") = "translator_static_winrt", "..\..\..\projects\src\translator_static_winrt.vcxproj", "{A2D25A1B-6990-48BD-B213-C217AE52B343}"
EndProject
Project("{8BC9CEB8-8B4A-11D0-8D11-00A0C91BC942}") = "translator_winrt", "..\..\..\projects\src\translator_winrt.vcxproj", "{ACEF0FE0-477E-4C9C-83AA-35AB0DB9AAC4}"
EndProject
Global
	GlobalSection(SolutionConfigurationPlatforms) = preSolution
		Debug|ARM = Debug|ARM
		Debug|Win32 = Debug|Win32
		Debug|x64 = Debug|x64
		Release|ARM = Release|ARM
		Release|Win32 = Release|Win32
		Release|x64 = Release|x64
	EndGlobalSection
	GlobalSection(ProjectConfigurationPlatforms) = postSolution
		{B04E1298-7EB2-4672-A766-97050CB3FDB8}.Debug|ARM.ActiveCfg = Debug|ARM
		{B04E1298-7EB2-4672-A766-97050CB3FDB8}.Debug|ARM.Build.0 = Debug|ARM
		{B04E1298-7EB2-4672-A766-97050CB3FDB8}.Debug|ARM.Deploy.0 = Debug|ARM
		{B04E1298-7EB2-4672-A766-97050CB3FDB8}.Debug|Win32.ActiveCfg = Debug|Win32
		{B04E1298-7EB2-4672-A766-97050CB3FDB8}.Debug|Win32.Build.0 = Debug|Win32
		{B04E1298-7EB2-4672-A766-97050CB3FDB8}.Debug|Win32.Deploy.0 = Debug|Win32
		{B04E1298-7EB2-4672-A766-97050CB3FDB8}.Debug|x64.ActiveCfg = Debug|x64
		{B04E1298-7EB2-4672-A766-97050CB3FDB8}.Debug|x64.Build.0 = Debug|x64
		{B04E1298-7EB2-4672-A766-97050CB3FDB8}.Debug|x64.Deploy.0 = Debug|x64
		{B04E1298-7EB2-4672-A766-97050CB3FDB8}.Release|ARM.ActiveCfg = Release|ARM
		{B04E1298-7EB2-4672-A766-97050CB3FDB8}.Release|ARM.Build.0 = Release|ARM
		{B04E1298-7EB2-4672-A766-97050CB3FDB8}.Release|ARM.Deploy.0 = Release|ARM
		{B04E1298-7EB2-4672-A766-97050CB3FDB8}.Release|Win32.ActiveCfg = Release|Win32
		{B04E1298-7EB2-4672-A766-97050CB3FDB8}.Release|Win32.Build.0 = Release|Win32
		{B04E1298-7EB2-4672-A766-97050CB3FDB8}.Release|Win32.Deploy.0 = Release|Win32
		{B04E1298-7EB2-4672-A766-97050CB3FDB8}.Release|x64.ActiveCfg = Release|x64
		{B04E1298-7EB2-4672-A766-97050CB3FDB8}.Release|x64.Build.0 = Release|x64
		{B04E1298-7EB2-4672-A766-97050CB3FDB8}.Release|x64.Deploy.0 = Release|x64
		{E30D671B-3520-4753-9677-41687BF9E435}.Debug|ARM.ActiveCfg = Debug|ARM
		{E30D671B-3520-4753-9677-41687BF9E435}.Debug|ARM.Build.0 = Debug|ARM
		{E30D671B-3520-4753-9677-41687BF9E435}.Debug|Win32.ActiveCfg = Debug|Win32
		{E30D671B-3520-4753-9677-41687BF9E435}.Debug|Win32.Build.0 = Debug|Win32
		{E30D671B-3520-4753-9677-41687BF9E435}.Debug|x64.ActiveCfg = Debug|x64
		{E30D671B-3520-4753-9677-41687BF9E435}.Debug|x64.Build.0 = Debug|x64
		{E30D671B-3520-4753-9677-41687BF9E435}.Release|ARM.ActiveCfg = Release|ARM
		{E30D671B-3520-4753-9677-41687BF9E435}.Release|ARM.Build.0 = Release|ARM
		{E30D671B-3520-4753-9677-41687BF9E435}.Release|Win32.ActiveCfg = Release|Win32
		{E30D671B-3520-4753-9677-41687BF9E435}.Release|Win32.Build.0 = Release|Win32
		{E30D671B-3520-4753-9677-41687BF9E435}.Release|x64.ActiveCfg = Release|x64
		{E30D671B-3520-4753-9677-41687BF9E435}.Release|x64.Build.0 = Release|x64
		{06FE7422-1550-4C34-B10E-8398D69DFAF0}.Debug|ARM.ActiveCfg = Debug|ARM
		{06FE7422-1550-4C34-B10E-8398D69DFAF0}.Debug|ARM.Build.0 = Debug|ARM
		{06FE7422-1550-4C34-B10E-8398D69DFAF0}.Debug|Win32.ActiveCfg = Debug|Win32
		{06FE7422-1550-4C34-B10E-8398D69DFAF0}.Debug|Win32.Build.0 = Debug|Win32
		{06FE7422-1550-4C34-B10E-8398D69DFAF0}.Debug|x64.ActiveCfg = Debug|x64
		{06FE7422-1550-4C34-B10E-8398D69DFAF0}.Debug|x64.Build.0 = Debug|x64
		{06FE7422-1550-4C34-B10E-8398D69DFAF0}.Release|ARM.ActiveCfg = Release|ARM
		{06FE7422-1550-4C34-B10E-8398D69DFAF0}.Release|ARM.Build.0 = Release|ARM
		{06FE7422-1550-4C34-B10E-8398D69DFAF0}.Release|Win32.ActiveCfg = Release|Win32
		{06FE7422-1550-4C34-B10E-8398D69DFAF0}.Release|Win32.Build.0 = Release|Win32
		{06FE7422-1550-4C34-B10E-8398D69DFAF0}.Release|x64.ActiveCfg = Release|x64
		{06FE7422-1550-4C34-B10E-8398D69DFAF0}.Release|x64.Build.0 = Release|x64
		{A6216A11-A5E6-4CD4-84F3-2627E0DDA6BC}.Debug|ARM.ActiveCfg = Debug|ARM
		{A6216A11-A5E6-4CD4-84F3-2627E0DDA6BC}.Debug|ARM.Build.0 = Debug|ARM
		{A6216A11-A5E6-4CD4-84F3-2627E0DDA6BC}.Debug|Win32.ActiveCfg = Debug|Win32
		{A6216A11-A5E6-4CD4-84F3-2627E0DDA6BC}.Debug|Win32.Build.0 = Debug|Win32
		{A6216A11-A5E6-4CD4-84F3-2627E0DDA6BC}.Debug|x64.ActiveCfg = Debug|x64
		{A6216A11-A5E6-4CD4-84F3-2627E0DDA6BC}.Debug|x64.Build.0 = Debug|x64
		{A6216A11-A5E6-4CD4-84F3-2627E0DDA6BC}.Release|ARM.ActiveCfg = Release|ARM
		{A6216A11-A5E6-4CD4-84F3-2627E0DDA6BC}.Release|ARM.Build.0 = Release|ARM
		{A6216A11-A5E6-4CD4-84F3-2627E0DDA6BC}.Release|Win32.ActiveCfg = Release|Win32
		{A6216A11-A5E6-4CD4-84F3-2627E0DDA6BC}.Release|Win32.Build.0 = Release|Win32
		{A6216A11-A5E6-4CD4-84F3-2627E0DDA6BC}.Release|x64.ActiveCfg = Release|x64
		{A6216A11-A5E6-4CD4-84F3-2627E0DDA6BC}.Release|x64.Build.0 = Release|x64
		{A2D25A1B-6990-48BD-B213-C217AE52B343}.Debug|ARM.ActiveCfg = Debug|ARM
		{A2D25A1B-6990-48BD-B213-C217AE52B343}.Debug|ARM.Build.0 = Debug|ARM
		{A2D25A1B-6990-48BD-B213-C217AE52B343}.Debug|Win32.ActiveCfg = Debug|Win32
		{A2D25A1B-6990-48BD-B213-C217AE52B343}.Debug|Win32.Build.0 = Debug|Win32
		{A2D25A1B-6990-48BD-B213-C217AE52B343}.Debug|x64.ActiveCfg = Debug|x64
		{A2D25A1B-6990-48BD-B213-C217AE52B343}.Debug|x64.Build.0 = Debug|x64
		{A2D25A1B-6990-48BD-B213-C217AE52B343}.Release|ARM.ActiveCfg = Release|ARM
		{A2D25A1B-6990-48BD-B213-C217AE52B343}.Release|ARM.Build.0 = Release|ARM
		{A2D25A1B-6990-48BD-B213-C217AE52B343}.Release|Win32.ActiveCfg = Release|Win32
		{A2D25A1B-6990-48BD-B213-C217AE52B343}.Release|Win32.Build.0 = Release|Win32
		{A2D25A1B-6990-48BD-B213-C217AE52B343}.Release|x64.ActiveCfg = Release|x64
		{A2D25A1B-6990-48BD-B213-C217AE52B343}.Release|x64.Build.0 = Release|x64
		{ACEF0FE0-477E-4C9C-83AA-35AB0DB9AAC4}.Debug|ARM.ActiveCfg = Debug|ARM
		{ACEF0FE0-477E-4C9C-83AA-35AB0DB9AAC4}.Debug|ARM.Build.0 = Debug|ARM
		{ACEF0FE0-477E-4C9C-83AA-35AB0DB9AAC4}.Debug|Win32.ActiveCfg = Debug|Win32
		{ACEF0FE0-477E-4C9C-83AA-35AB0DB9AAC4}.Debug|Win32.Build.0 = Debug|Win32
		{ACEF0FE0-477E-4C9C-83AA-35AB0DB9AAC4}.Debug|x64.ActiveCfg = Debug|x64
		{ACEF0FE0-477E-4C9C-83AA-35AB0DB9AAC4}.Debug|x64.Build.0 = Debug|x64
		{ACEF0FE0-477E-4C9C-83AA-35AB0DB9AAC4}.Release|ARM.ActiveCfg = Release|ARM
		{ACEF0FE0-477E-4C9C-83AA-35AB0DB9AAC4}.Release|ARM.Build.0 = Release|ARM
		{ACEF0FE0-477E-4C9C-83AA-35AB0DB9AAC4}.Release|Win32.ActiveCfg = Release|Win32
		{ACEF0FE0-477E-4C9C-83AA-35AB0DB9AAC4}.Release|Win32.Build.0 = Release|Win32
		{ACEF0FE0-477E-4C9C-83AA-35AB0DB9AAC4}.Release|x64.ActiveCfg = Release|x64
		{ACEF0FE0-477E-4C9C-83AA-35AB0DB9AAC4}.Release|x64.Build.0 = Release|x64
	EndGlobalSection
	GlobalSection(SolutionProperties) = preSolution
		HideSolutionNode = FALSE
	EndGlobalSection
EndGlobal
