
Microsoft Visual Studio Solution File, Format Version 12.00
# Visual Studio 2013
VisualStudioVersion = 12.0.30324.0
MinimumVisualStudioVersion = 10.0.40219.1
Project("{2150E333-8FDC-42A3-9474-1A3956D46DE8}") = "translator_UA", "translator_UA", "{65C0281B-2E4A-4F3A-B3A7-D5A93B4D4725}"
EndProject
Project("{8BC9CEB8-8B4A-11D0-8D11-00A0C91BC942}") = "translator_UA.Shared", "translator_UA\translator_UA.Shared\translator_UA.Shared.vcxitems", "{E2361617-06B0-46A9-B3EA-1C72A8CF7DDF}"
EndProject
Project("{8BC9CEB8-8B4A-11D0-8D11-00A0C91BC942}") = "translator_UA.Windows", "translator_UA\translator_UA.Windows\translator_UA.Windows.vcxproj", "{A9AE9652-C5DC-45AD-889F-088CA5517795}"
EndProject
Project("{8BC9CEB8-8B4A-11D0-8D11-00A0C91BC942}") = "translator_UA.WindowsPhone", "translator_UA\translator_UA.WindowsPhone\translator_UA.WindowsPhone.vcxproj", "{BAE6232F-520C-4895-B934-CAF6D0C643C4}"
EndProject
Project("{2150E333-8FDC-42A3-9474-1A3956D46DE8}") = "libGLESv2_UA", "libGLESv2_UA", "{529518CA-92E5-4923-8805-DFF04E436910}"
EndProject
Project("{2150E333-8FDC-42A3-9474-1A3956D46DE8}") = "preprocessor_UA", "preprocessor_UA", "{792DC898-9FE7-4593-8C02-C8731796CA4A}"
EndProject
Project("{8BC9CEB8-8B4A-11D0-8D11-00A0C91BC942}") = "preprocessor_UA.Shared", "preprocessor_UA\preprocessor_UA.Shared\preprocessor_UA.Shared.vcxitems", "{0229E549-B25E-49C3-9D8E-65EA190B45F5}"
EndProject
Project("{8BC9CEB8-8B4A-11D0-8D11-00A0C91BC942}") = "preprocessor_UA.Windows", "preprocessor_UA\preprocessor_UA.Windows\preprocessor_UA.Windows.vcxproj", "{97CD511C-C644-4376-988B-475574400D12}"
EndProject
Project("{8BC9CEB8-8B4A-11D0-8D11-00A0C91BC942}") = "preprocessor_UA.WindowsPhone", "preprocessor_UA\preprocessor_UA.WindowsPhone\preprocessor_UA.WindowsPhone.vcxproj", "{0EE17382-3DAE-426D-81AD-ED4107706FF7}"
EndProject
Project("{8BC9CEB8-8B4A-11D0-8D11-00A0C91BC942}") = "libGLESv2_UA.Shared", "libGLESv2_UA\libGLESv2_UA.Shared\libGLESv2_UA.Shared.vcxitems", "{8C4995FB-813C-4F26-B9E4-6AF2664495F7}"
EndProject
Project("{8BC9CEB8-8B4A-11D0-8D11-00A0C91BC942}") = "libGLESv2_UA.Windows", "libGLESv2_UA\libGLESv2_UA.Windows\libGLESv2_UA.Windows.vcxproj", "{2F73E65C-1A04-475B-ACAF-B94AE0805A11}"
EndProject
Project("{8BC9CEB8-8B4A-11D0-8D11-00A0C91BC942}") = "libGLESv2_UA.WindowsPhone", "libGLESv2_UA\libGLESv2_UA.WindowsPhone\libGLESv2_UA.WindowsPhone.vcxproj", "{C389FEEB-2480-42F8-B93C-1F87DB06B54D}"
EndProject
Project("{2150E333-8FDC-42A3-9474-1A3956D46DE8}") = "libEGL_UA", "libEGL_UA", "{B4A1B89E-9803-4EC9-B581-74DE369A508A}"
EndProject
Project("{8BC9CEB8-8B4A-11D0-8D11-00A0C91BC942}") = "libEGL_UA.Shared", "libEGL_UA\libEGL_UA.Shared\libEGL_UA.Shared.vcxitems", "{9258FA5C-E335-4419-BF3C-E6130C84B5B5}"
EndProject
Project("{8BC9CEB8-8B4A-11D0-8D11-00A0C91BC942}") = "libEGL_UA.Windows", "libEGL_UA\libEGL_UA.Windows\libEGL_UA.Windows.vcxproj", "{19C18022-140E-4B99-BFD8-0F05E63365D7}"
EndProject
Project("{8BC9CEB8-8B4A-11D0-8D11-00A0C91BC942}") = "libEGL_UA.WindowsPhone", "libEGL_UA\libEGL_UA.WindowsPhone\libEGL_UA.WindowsPhone.vcxproj", "{83A28AC5-CD9D-4DCE-82BC-AA8416F385D2}"
EndProject
Project("{2150E333-8FDC-42A3-9474-1A3956D46DE8}") = "translator_lib_UA", "translator_lib_UA", "{077612A2-2A58-4586-9760-1717AD9A1CD1}"
EndProject
Project("{8BC9CEB8-8B4A-11D0-8D11-00A0C91BC942}") = "translator_lib_UA.Shared", "translator_lib_UA\translator_lib_UA.Shared\translator_lib_UA.Shared.vcxitems", "{9475F9FF-DD78-4C2C-BA3A-B5D080241988}"
EndProject
Project("{8BC9CEB8-8B4A-11D0-8D11-00A0C91BC942}") = "translator_lib_UA.Windows", "translator_lib_UA\translator_lib_UA.Windows\translator_lib_UA.Windows.vcxproj", "{92353DE1-DBC1-4094-982E-575CD8B7F3E9}"
EndProject
Project("{8BC9CEB8-8B4A-11D0-8D11-00A0C91BC942}") = "translator_lib_UA.WindowsPhone", "translator_lib_UA\translator_lib_UA.WindowsPhone\translator_lib_UA.WindowsPhone.vcxproj", "{5A20E4CF-5698-49C6-9CA8-68B891BD3431}"
EndProject
Project("{2150E333-8FDC-42A3-9474-1A3956D46DE8}") = "translator_static_UA", "translator_static_UA", "{2B217161-8ED5-48EB-BC51-508C286B4700}"
EndProject
Project("{8BC9CEB8-8B4A-11D0-8D11-00A0C91BC942}") = "translator_static_UA.Shared", "translator_static_UA\translator_static_UA.Shared\translator_static_UA.Shared.vcxitems", "{67ECCAA3-7732-4F34-83B8-68922D762E82}"
EndProject
Project("{8BC9CEB8-8B4A-11D0-8D11-00A0C91BC942}") = "translator_static_UA.Windows", "translator_static_UA\translator_static_UA.Windows\translator_static_UA.Windows.vcxproj", "{390BFF0B-EC4A-4D86-AF23-67C96445E034}"
EndProject
Project("{8BC9CEB8-8B4A-11D0-8D11-00A0C91BC942}") = "translator_static_UA.WindowsPhone", "translator_static_UA\translator_static_UA.WindowsPhone\translator_static_UA.WindowsPhone.vcxproj", "{BA517733-A07D-4CC5-A574-FCAB75F80809}"
EndProject
Global
	GlobalSection(SharedMSBuildProjectFiles) = preSolution
		libGLESv2_UA\libGLESv2_UA.Shared\libGLESv2_UA.Shared.vcxitems*{2f73e65c-1a04-475b-acaf-b94ae0805a11}*SharedItemsImports = 4
		libEGL_UA\libEGL_UA.Shared\libEGL_UA.Shared.vcxitems*{9258fa5c-e335-4419-bf3c-e6130c84b5b5}*SharedItemsImports = 9
		translator_static_UA\translator_static_UA.Shared\translator_static_UA.Shared.vcxitems*{390bff0b-ec4a-4d86-af23-67c96445e034}*SharedItemsImports = 4
		preprocessor_UA\preprocessor_UA.Shared\preprocessor_UA.Shared.vcxitems*{0229e549-b25e-49c3-9d8e-65ea190b45f5}*SharedItemsImports = 9
		preprocessor_UA\preprocessor_UA.Shared\preprocessor_UA.Shared.vcxitems*{0ee17382-3dae-426d-81ad-ed4107706ff7}*SharedItemsImports = 4
		libEGL_UA\libEGL_UA.Shared\libEGL_UA.Shared.vcxitems*{83a28ac5-cd9d-4dce-82bc-aa8416f385d2}*SharedItemsImports = 4
		translator_static_UA\translator_static_UA.Shared\translator_static_UA.Shared.vcxitems*{ba517733-a07d-4cc5-a574-fcab75f80809}*SharedItemsImports = 4
		libGLESv2_UA\libGLESv2_UA.Shared\libGLESv2_UA.Shared.vcxitems*{c389feeb-2480-42f8-b93c-1f87db06b54d}*SharedItemsImports = 4
		translator_UA\translator_UA.Shared\translator_UA.Shared.vcxitems*{e2361617-06b0-46a9-b3ea-1c72a8cf7ddf}*SharedItemsImports = 9
		translator_lib_UA\translator_lib_UA.Shared\translator_lib_UA.Shared.vcxitems*{9475f9ff-dd78-4c2c-ba3a-b5d080241988}*SharedItemsImports = 9
		libEGL_UA\libEGL_UA.Shared\libEGL_UA.Shared.vcxitems*{19c18022-140e-4b99-bfd8-0f05e63365d7}*SharedItemsImports = 4
		preprocessor_UA\preprocessor_UA.Shared\preprocessor_UA.Shared.vcxitems*{97cd511c-c644-4376-988b-475574400d12}*SharedItemsImports = 4
		translator_lib_UA\translator_lib_UA.Shared\translator_lib_UA.Shared.vcxitems*{92353de1-dbc1-4094-982e-575cd8b7f3e9}*SharedItemsImports = 4
		translator_UA\translator_UA.Shared\translator_UA.Shared.vcxitems*{bae6232f-520c-4895-b934-caf6d0c643c4}*SharedItemsImports = 4
		translator_UA\translator_UA.Shared\translator_UA.Shared.vcxitems*{a9ae9652-c5dc-45ad-889f-088ca5517795}*SharedItemsImports = 4
		translator_lib_UA\translator_lib_UA.Shared\translator_lib_UA.Shared.vcxitems*{5a20e4cf-5698-49c6-9ca8-68b891bd3431}*SharedItemsImports = 4
		libGLESv2_UA\libGLESv2_UA.Shared\libGLESv2_UA.Shared.vcxitems*{8c4995fb-813c-4f26-b9e4-6af2664495f7}*SharedItemsImports = 9
		translator_static_UA\translator_static_UA.Shared\translator_static_UA.Shared.vcxitems*{67eccaa3-7732-4f34-83b8-68922d762e82}*SharedItemsImports = 9
	EndGlobalSection
	GlobalSection(SolutionConfigurationPlatforms) = preSolution
		Debug|ARM = Debug|ARM
		Debug|Win32 = Debug|Win32
		Debug|x64 = Debug|x64
		Release|ARM = Release|ARM
		Release|Win32 = Release|Win32
		Release|x64 = Release|x64
	EndGlobalSection
	GlobalSection(ProjectConfigurationPlatforms) = postSolution
		{A9AE9652-C5DC-45AD-889F-088CA5517795}.Debug|ARM.ActiveCfg = Debug|ARM
		{A9AE9652-C5DC-45AD-889F-088CA5517795}.Debug|ARM.Build.0 = Debug|ARM
		{A9AE9652-C5DC-45AD-889F-088CA5517795}.Debug|Win32.ActiveCfg = Debug|Win32
		{A9AE9652-C5DC-45AD-889F-088CA5517795}.Debug|Win32.Build.0 = Debug|Win32
		{A9AE9652-C5DC-45AD-889F-088CA5517795}.Debug|x64.ActiveCfg = Debug|x64
		{A9AE9652-C5DC-45AD-889F-088CA5517795}.Debug|x64.Build.0 = Debug|x64
		{A9AE9652-C5DC-45AD-889F-088CA5517795}.Release|ARM.ActiveCfg = Release|ARM
		{A9AE9652-C5DC-45AD-889F-088CA5517795}.Release|ARM.Build.0 = Release|ARM
		{A9AE9652-C5DC-45AD-889F-088CA5517795}.Release|Win32.ActiveCfg = Release|Win32
		{A9AE9652-C5DC-45AD-889F-088CA5517795}.Release|Win32.Build.0 = Release|Win32
		{A9AE9652-C5DC-45AD-889F-088CA5517795}.Release|x64.ActiveCfg = Release|x64
		{A9AE9652-C5DC-45AD-889F-088CA5517795}.Release|x64.Build.0 = Release|x64
		{BAE6232F-520C-4895-B934-CAF6D0C643C4}.Debug|ARM.ActiveCfg = Debug|ARM
		{BAE6232F-520C-4895-B934-CAF6D0C643C4}.Debug|ARM.Build.0 = Debug|ARM
		{BAE6232F-520C-4895-B934-CAF6D0C643C4}.Debug|Win32.ActiveCfg = Debug|Win32
		{BAE6232F-520C-4895-B934-CAF6D0C643C4}.Debug|Win32.Build.0 = Debug|Win32
		{BAE6232F-520C-4895-B934-CAF6D0C643C4}.Debug|x64.ActiveCfg = Debug|Win32
		{BAE6232F-520C-4895-B934-CAF6D0C643C4}.Release|ARM.ActiveCfg = Release|ARM
		{BAE6232F-520C-4895-B934-CAF6D0C643C4}.Release|ARM.Build.0 = Release|ARM
		{BAE6232F-520C-4895-B934-CAF6D0C643C4}.Release|Win32.ActiveCfg = Release|Win32
		{BAE6232F-520C-4895-B934-CAF6D0C643C4}.Release|Win32.Build.0 = Release|Win32
		{BAE6232F-520C-4895-B934-CAF6D0C643C4}.Release|x64.ActiveCfg = Release|Win32
		{97CD511C-C644-4376-988B-475574400D12}.Debug|ARM.ActiveCfg = Debug|ARM
		{97CD511C-C644-4376-988B-475574400D12}.Debug|ARM.Build.0 = Debug|ARM
		{97CD511C-C644-4376-988B-475574400D12}.Debug|Win32.ActiveCfg = Debug|Win32
		{97CD511C-C644-4376-988B-475574400D12}.Debug|Win32.Build.0 = Debug|Win32
		{97CD511C-C644-4376-988B-475574400D12}.Debug|x64.ActiveCfg = Debug|x64
		{97CD511C-C644-4376-988B-475574400D12}.Debug|x64.Build.0 = Debug|x64
		{97CD511C-C644-4376-988B-475574400D12}.Release|ARM.ActiveCfg = Release|ARM
		{97CD511C-C644-4376-988B-475574400D12}.Release|ARM.Build.0 = Release|ARM
		{97CD511C-C644-4376-988B-475574400D12}.Release|Win32.ActiveCfg = Release|Win32
		{97CD511C-C644-4376-988B-475574400D12}.Release|Win32.Build.0 = Release|Win32
		{97CD511C-C644-4376-988B-475574400D12}.Release|x64.ActiveCfg = Release|x64
		{97CD511C-C644-4376-988B-475574400D12}.Release|x64.Build.0 = Release|x64
		{0EE17382-3DAE-426D-81AD-ED4107706FF7}.Debug|ARM.ActiveCfg = Debug|ARM
		{0EE17382-3DAE-426D-81AD-ED4107706FF7}.Debug|ARM.Build.0 = Debug|ARM
		{0EE17382-3DAE-426D-81AD-ED4107706FF7}.Debug|Win32.ActiveCfg = Debug|Win32
		{0EE17382-3DAE-426D-81AD-ED4107706FF7}.Debug|Win32.Build.0 = Debug|Win32
		{0EE17382-3DAE-426D-81AD-ED4107706FF7}.Debug|x64.ActiveCfg = Debug|Win32
		{0EE17382-3DAE-426D-81AD-ED4107706FF7}.Release|ARM.ActiveCfg = Release|ARM
		{0EE17382-3DAE-426D-81AD-ED4107706FF7}.Release|ARM.Build.0 = Release|ARM
		{0EE17382-3DAE-426D-81AD-ED4107706FF7}.Release|Win32.ActiveCfg = Release|Win32
		{0EE17382-3DAE-426D-81AD-ED4107706FF7}.Release|Win32.Build.0 = Release|Win32
		{0EE17382-3DAE-426D-81AD-ED4107706FF7}.Release|x64.ActiveCfg = Release|Win32
		{2F73E65C-1A04-475B-ACAF-B94AE0805A11}.Debug|ARM.ActiveCfg = Debug|ARM
		{2F73E65C-1A04-475B-ACAF-B94AE0805A11}.Debug|ARM.Build.0 = Debug|ARM
		{2F73E65C-1A04-475B-ACAF-B94AE0805A11}.Debug|Win32.ActiveCfg = Debug|Win32
		{2F73E65C-1A04-475B-ACAF-B94AE0805A11}.Debug|Win32.Build.0 = Debug|Win32
		{2F73E65C-1A04-475B-ACAF-B94AE0805A11}.Debug|x64.ActiveCfg = Debug|x64
		{2F73E65C-1A04-475B-ACAF-B94AE0805A11}.Debug|x64.Build.0 = Debug|x64
		{2F73E65C-1A04-475B-ACAF-B94AE0805A11}.Release|ARM.ActiveCfg = Release|ARM
		{2F73E65C-1A04-475B-ACAF-B94AE0805A11}.Release|ARM.Build.0 = Release|ARM
		{2F73E65C-1A04-475B-ACAF-B94AE0805A11}.Release|Win32.ActiveCfg = Release|Win32
		{2F73E65C-1A04-475B-ACAF-B94AE0805A11}.Release|Win32.Build.0 = Release|Win32
		{2F73E65C-1A04-475B-ACAF-B94AE0805A11}.Release|x64.ActiveCfg = Release|x64
		{2F73E65C-1A04-475B-ACAF-B94AE0805A11}.Release|x64.Build.0 = Release|x64
		{C389FEEB-2480-42F8-B93C-1F87DB06B54D}.Debug|ARM.ActiveCfg = Debug|ARM
		{C389FEEB-2480-42F8-B93C-1F87DB06B54D}.Debug|ARM.Build.0 = Debug|ARM
		{C389FEEB-2480-42F8-B93C-1F87DB06B54D}.Debug|Win32.ActiveCfg = Debug|Win32
		{C389FEEB-2480-42F8-B93C-1F87DB06B54D}.Debug|Win32.Build.0 = Debug|Win32
		{C389FEEB-2480-42F8-B93C-1F87DB06B54D}.Debug|x64.ActiveCfg = Debug|Win32
		{C389FEEB-2480-42F8-B93C-1F87DB06B54D}.Release|ARM.ActiveCfg = Release|ARM
		{C389FEEB-2480-42F8-B93C-1F87DB06B54D}.Release|ARM.Build.0 = Release|ARM
		{C389FEEB-2480-42F8-B93C-1F87DB06B54D}.Release|Win32.ActiveCfg = Release|Win32
		{C389FEEB-2480-42F8-B93C-1F87DB06B54D}.Release|Win32.Build.0 = Release|Win32
		{C389FEEB-2480-42F8-B93C-1F87DB06B54D}.Release|x64.ActiveCfg = Release|Win32
		{19C18022-140E-4B99-BFD8-0F05E63365D7}.Debug|ARM.ActiveCfg = Debug|ARM
		{19C18022-140E-4B99-BFD8-0F05E63365D7}.Debug|ARM.Build.0 = Debug|ARM
		{19C18022-140E-4B99-BFD8-0F05E63365D7}.Debug|Win32.ActiveCfg = Debug|Win32
		{19C18022-140E-4B99-BFD8-0F05E63365D7}.Debug|Win32.Build.0 = Debug|Win32
		{19C18022-140E-4B99-BFD8-0F05E63365D7}.Debug|x64.ActiveCfg = Debug|x64
		{19C18022-140E-4B99-BFD8-0F05E63365D7}.Debug|x64.Build.0 = Debug|x64
		{19C18022-140E-4B99-BFD8-0F05E63365D7}.Release|ARM.ActiveCfg = Release|ARM
		{19C18022-140E-4B99-BFD8-0F05E63365D7}.Release|ARM.Build.0 = Release|ARM
		{19C18022-140E-4B99-BFD8-0F05E63365D7}.Release|Win32.ActiveCfg = Release|Win32
		{19C18022-140E-4B99-BFD8-0F05E63365D7}.Release|Win32.Build.0 = Release|Win32
		{19C18022-140E-4B99-BFD8-0F05E63365D7}.Release|x64.ActiveCfg = Release|x64
		{19C18022-140E-4B99-BFD8-0F05E63365D7}.Release|x64.Build.0 = Release|x64
		{83A28AC5-CD9D-4DCE-82BC-AA8416F385D2}.Debug|ARM.ActiveCfg = Debug|ARM
		{83A28AC5-CD9D-4DCE-82BC-AA8416F385D2}.Debug|ARM.Build.0 = Debug|ARM
		{83A28AC5-CD9D-4DCE-82BC-AA8416F385D2}.Debug|Win32.ActiveCfg = Debug|Win32
		{83A28AC5-CD9D-4DCE-82BC-AA8416F385D2}.Debug|Win32.Build.0 = Debug|Win32
		{83A28AC5-CD9D-4DCE-82BC-AA8416F385D2}.Debug|x64.ActiveCfg = Debug|Win32
		{83A28AC5-CD9D-4DCE-82BC-AA8416F385D2}.Release|ARM.ActiveCfg = Release|ARM
		{83A28AC5-CD9D-4DCE-82BC-AA8416F385D2}.Release|ARM.Build.0 = Release|ARM
		{83A28AC5-CD9D-4DCE-82BC-AA8416F385D2}.Release|Win32.ActiveCfg = Release|Win32
		{83A28AC5-CD9D-4DCE-82BC-AA8416F385D2}.Release|Win32.Build.0 = Release|Win32
		{83A28AC5-CD9D-4DCE-82BC-AA8416F385D2}.Release|x64.ActiveCfg = Release|Win32
		{92353DE1-DBC1-4094-982E-575CD8B7F3E9}.Debug|ARM.ActiveCfg = Debug|ARM
		{92353DE1-DBC1-4094-982E-575CD8B7F3E9}.Debug|ARM.Build.0 = Debug|ARM
		{92353DE1-DBC1-4094-982E-575CD8B7F3E9}.Debug|Win32.ActiveCfg = Debug|Win32
		{92353DE1-DBC1-4094-982E-575CD8B7F3E9}.Debug|Win32.Build.0 = Debug|Win32
		{92353DE1-DBC1-4094-982E-575CD8B7F3E9}.Debug|x64.ActiveCfg = Debug|x64
		{92353DE1-DBC1-4094-982E-575CD8B7F3E9}.Debug|x64.Build.0 = Debug|x64
		{92353DE1-DBC1-4094-982E-575CD8B7F3E9}.Release|ARM.ActiveCfg = Release|ARM
		{92353DE1-DBC1-4094-982E-575CD8B7F3E9}.Release|ARM.Build.0 = Release|ARM
		{92353DE1-DBC1-4094-982E-575CD8B7F3E9}.Release|Win32.ActiveCfg = Release|Win32
		{92353DE1-DBC1-4094-982E-575CD8B7F3E9}.Release|Win32.Build.0 = Release|Win32
		{92353DE1-DBC1-4094-982E-575CD8B7F3E9}.Release|x64.ActiveCfg = Release|x64
		{92353DE1-DBC1-4094-982E-575CD8B7F3E9}.Release|x64.Build.0 = Release|x64
		{5A20E4CF-5698-49C6-9CA8-68B891BD3431}.Debug|ARM.ActiveCfg = Debug|ARM
		{5A20E4CF-5698-49C6-9CA8-68B891BD3431}.Debug|ARM.Build.0 = Debug|ARM
		{5A20E4CF-5698-49C6-9CA8-68B891BD3431}.Debug|Win32.ActiveCfg = Debug|Win32
		{5A20E4CF-5698-49C6-9CA8-68B891BD3431}.Debug|Win32.Build.0 = Debug|Win32
		{5A20E4CF-5698-49C6-9CA8-68B891BD3431}.Debug|x64.ActiveCfg = Debug|Win32
		{5A20E4CF-5698-49C6-9CA8-68B891BD3431}.Release|ARM.ActiveCfg = Release|ARM
		{5A20E4CF-5698-49C6-9CA8-68B891BD3431}.Release|ARM.Build.0 = Release|ARM
		{5A20E4CF-5698-49C6-9CA8-68B891BD3431}.Release|Win32.ActiveCfg = Release|Win32
		{5A20E4CF-5698-49C6-9CA8-68B891BD3431}.Release|Win32.Build.0 = Release|Win32
		{5A20E4CF-5698-49C6-9CA8-68B891BD3431}.Release|x64.ActiveCfg = Release|Win32
		{390BFF0B-EC4A-4D86-AF23-67C96445E034}.Debug|ARM.ActiveCfg = Debug|ARM
		{390BFF0B-EC4A-4D86-AF23-67C96445E034}.Debug|ARM.Build.0 = Debug|ARM
		{390BFF0B-EC4A-4D86-AF23-67C96445E034}.Debug|Win32.ActiveCfg = Debug|Win32
		{390BFF0B-EC4A-4D86-AF23-67C96445E034}.Debug|Win32.Build.0 = Debug|Win32
		{390BFF0B-EC4A-4D86-AF23-67C96445E034}.Debug|x64.ActiveCfg = Debug|x64
		{390BFF0B-EC4A-4D86-AF23-67C96445E034}.Debug|x64.Build.0 = Debug|x64
		{390BFF0B-EC4A-4D86-AF23-67C96445E034}.Release|ARM.ActiveCfg = Release|ARM
		{390BFF0B-EC4A-4D86-AF23-67C96445E034}.Release|ARM.Build.0 = Release|ARM
		{390BFF0B-EC4A-4D86-AF23-67C96445E034}.Release|Win32.ActiveCfg = Release|Win32
		{390BFF0B-EC4A-4D86-AF23-67C96445E034}.Release|Win32.Build.0 = Release|Win32
		{390BFF0B-EC4A-4D86-AF23-67C96445E034}.Release|x64.ActiveCfg = Release|x64
		{390BFF0B-EC4A-4D86-AF23-67C96445E034}.Release|x64.Build.0 = Release|x64
		{BA517733-A07D-4CC5-A574-FCAB75F80809}.Debug|ARM.ActiveCfg = Debug|ARM
		{BA517733-A07D-4CC5-A574-FCAB75F80809}.Debug|ARM.Build.0 = Debug|ARM
		{BA517733-A07D-4CC5-A574-FCAB75F80809}.Debug|Win32.ActiveCfg = Debug|Win32
		{BA517733-A07D-4CC5-A574-FCAB75F80809}.Debug|Win32.Build.0 = Debug|Win32
		{BA517733-A07D-4CC5-A574-FCAB75F80809}.Debug|x64.ActiveCfg = Debug|Win32
		{BA517733-A07D-4CC5-A574-FCAB75F80809}.Release|ARM.ActiveCfg = Release|ARM
		{BA517733-A07D-4CC5-A574-FCAB75F80809}.Release|ARM.Build.0 = Release|ARM
		{BA517733-A07D-4CC5-A574-FCAB75F80809}.Release|Win32.ActiveCfg = Release|Win32
		{BA517733-A07D-4CC5-A574-FCAB75F80809}.Release|Win32.Build.0 = Release|Win32
		{BA517733-A07D-4CC5-A574-FCAB75F80809}.Release|x64.ActiveCfg = Release|Win32
	EndGlobalSection
	GlobalSection(SolutionProperties) = preSolution
		HideSolutionNode = FALSE
	EndGlobalSection
	GlobalSection(NestedProjects) = preSolution
		{E2361617-06B0-46A9-B3EA-1C72A8CF7DDF} = {65C0281B-2E4A-4F3A-B3A7-D5A93B4D4725}
		{A9AE9652-C5DC-45AD-889F-088CA5517795} = {65C0281B-2E4A-4F3A-B3A7-D5A93B4D4725}
		{BAE6232F-520C-4895-B934-CAF6D0C643C4} = {65C0281B-2E4A-4F3A-B3A7-D5A93B4D4725}
		{0229E549-B25E-49C3-9D8E-65EA190B45F5} = {792DC898-9FE7-4593-8C02-C8731796CA4A}
		{97CD511C-C644-4376-988B-475574400D12} = {792DC898-9FE7-4593-8C02-C8731796CA4A}
		{0EE17382-3DAE-426D-81AD-ED4107706FF7} = {792DC898-9FE7-4593-8C02-C8731796CA4A}
		{8C4995FB-813C-4F26-B9E4-6AF2664495F7} = {529518CA-92E5-4923-8805-DFF04E436910}
		{2F73E65C-1A04-475B-ACAF-B94AE0805A11} = {529518CA-92E5-4923-8805-DFF04E436910}
		{C389FEEB-2480-42F8-B93C-1F87DB06B54D} = {529518CA-92E5-4923-8805-DFF04E436910}
		{9258FA5C-E335-4419-BF3C-E6130C84B5B5} = {B4A1B89E-9803-4EC9-B581-74DE369A508A}
		{19C18022-140E-4B99-BFD8-0F05E63365D7} = {B4A1B89E-9803-4EC9-B581-74DE369A508A}
		{83A28AC5-CD9D-4DCE-82BC-AA8416F385D2} = {B4A1B89E-9803-4EC9-B581-74DE369A508A}
		{9475F9FF-DD78-4C2C-BA3A-B5D080241988} = {077612A2-2A58-4586-9760-1717AD9A1CD1}
		{92353DE1-DBC1-4094-982E-575CD8B7F3E9} = {077612A2-2A58-4586-9760-1717AD9A1CD1}
		{5A20E4CF-5698-49C6-9CA8-68B891BD3431} = {077612A2-2A58-4586-9760-1717AD9A1CD1}
		{67ECCAA3-7732-4F34-83B8-68922D762E82} = {2B217161-8ED5-48EB-BC51-508C286B4700}
		{390BFF0B-EC4A-4D86-AF23-67C96445E034} = {2B217161-8ED5-48EB-BC51-508C286B4700}
		{BA517733-A07D-4CC5-A574-FCAB75F80809} = {2B217161-8ED5-48EB-BC51-508C286B4700}
	EndGlobalSection
EndGlobal
